
Microsoft Visual Studio Solution File, Format Version 12.00
# Visual Studio Version 16
VisualStudioVersion = 16.0.31321.278
MinimumVisualStudioVersion = 10.0.40219.1
Project("{FAE04EC0-301F-11D3-BF4B-00C04F79EFBC}") = "ComsumeApi.Android", "ComsumeApi.Android\ComsumeApi.Android.csproj", "{C8302606-B664-4471-959E-EDD3074C3E18}"
EndProject
Project("{FAE04EC0-301F-11D3-BF4B-00C04F79EFBC}") = "ComsumeApi.iOS", "ComsumeApi.iOS\ComsumeApi.iOS.csproj", "{AF5D43E8-4D97-468B-8C9F-D29C4631848B}"
EndProject
Project("{FAE04EC0-301F-11D3-BF4B-00C04F79EFBC}") = "ComsumeApi", "ComsumeApi\ComsumeApi.csproj", "{68C88187-1120-46CF-A6D5-798DE9818B1C}"
EndProject
Global
	GlobalSection(SolutionConfigurationPlatforms) = preSolution
		Debug|Any CPU = Debug|Any CPU
		Debug|iPhone = Debug|iPhone
		Debug|iPhoneSimulator = Debug|iPhoneSimulator
		Release|Any CPU = Release|Any CPU
		Release|iPhone = Release|iPhone
		Release|iPhoneSimulator = Release|iPhoneSimulator
	EndGlobalSection
	GlobalSection(ProjectConfigurationPlatforms) = postSolution
		{C8302606-B664-4471-959E-EDD3074C3E18}.Debug|Any CPU.ActiveCfg = Debug|Any CPU
		{C8302606-B664-4471-959E-EDD3074C3E18}.Debug|Any CPU.Build.0 = Debug|Any CPU
		{C8302606-B664-4471-959E-EDD3074C3E18}.Debug|Any CPU.Deploy.0 = Debug|Any CPU
		{C8302606-B664-4471-959E-EDD3074C3E18}.Debug|iPhone.ActiveCfg = Debug|Any CPU
		{C8302606-B664-4471-959E-EDD3074C3E18}.Debug|iPhone.Build.0 = Debug|Any CPU
		{C8302606-B664-4471-959E-EDD3074C3E18}.Debug|iPhone.Deploy.0 = Debug|Any CPU
		{C8302606-B664-4471-959E-EDD3074C3E18}.Debug|iPhoneSimulator.ActiveCfg = Debug|Any CPU
		{C8302606-B664-4471-959E-EDD3074C3E18}.Debug|iPhoneSimulator.Build.0 = Debug|Any CPU
		{C8302606-B664-4471-959E-EDD3074C3E18}.Debug|iPhoneSimulator.Deploy.0 = Debug|Any CPU
		{C8302606-B664-4471-959E-EDD3074C3E18}.Release|Any CPU.ActiveCfg = Release|Any CPU
		{C8302606-B664-4471-959E-EDD3074C3E18}.Release|Any CPU.Build.0 = Release|Any CPU
		{C8302606-B664-4471-959E-EDD3074C3E18}.Release|Any CPU.Deploy.0 = Release|Any CPU
		{C8302606-B664-4471-959E-EDD3074C3E18}.Release|iPhone.ActiveCfg = Release|Any CPU
		{C8302606-B664-4471-959E-EDD3074C3E18}.Release|iPhone.Build.0 = Release|Any CPU
		{C8302606-B664-4471-959E-EDD3074C3E18}.Release|iPhone.Deploy.0 = Release|Any CPU
		{C8302606-B664-4471-959E-EDD3074C3E18}.Release|iPhoneSimulator.ActiveCfg = Release|Any CPU
		{C8302606-B664-4471-959E-EDD3074C3E18}.Release|iPhoneSimulator.Build.0 = Release|Any CPU
		{C8302606-B664-4471-959E-EDD3074C3E18}.Release|iPhoneSimulator.Deploy.0 = Release|Any CPU
		{AF5D43E8-4D97-468B-8C9F-D29C4631848B}.Debug|Any CPU.ActiveCfg = Debug|iPhone
		{AF5D43E8-4D97-468B-8C9F-D29C4631848B}.Debug|Any CPU.Build.0 = Debug|iPhone
		{AF5D43E8-4D97-468B-8C9F-D29C4631848B}.Debug|Any CPU.Deploy.0 = Debug|iPhone
		{AF5D43E8-4D97-468B-8C9F-D29C4631848B}.Debug|iPhone.ActiveCfg = Debug|iPhone
		{AF5D43E8-4D97-468B-8C9F-D29C4631848B}.Debug|iPhone.Build.0 = Debug|iPhone
		{AF5D43E8-4D97-468B-8C9F-D29C4631848B}.Debug|iPhone.Deploy.0 = Debug|iPhone
		{AF5D43E8-4D97-468B-8C9F-D29C4631848B}.Debug|iPhoneSimulator.ActiveCfg = Debug|iPhoneSimulator
		{AF5D43E8-4D97-468B-8C9F-D29C4631848B}.Debug|iPhoneSimulator.Build.0 = Debug|iPhoneSimulator
		{AF5D43E8-4D97-468B-8C9F-D29C4631848B}.Debug|iPhoneSimulator.Deploy.0 = Debug|iPhoneSimulator
		{AF5D43E8-4D97-468B-8C9F-D29C4631848B}.Release|Any CPU.ActiveCfg = Release|iPhoneSimulator
		{AF5D43E8-4D97-468B-8C9F-D29C4631848B}.Release|Any CPU.Build.0 = Release|iPhoneSimulator
		{AF5D43E8-4D97-468B-8C9F-D29C4631848B}.Release|Any CPU.Deploy.0 = Release|iPhoneSimulator
		{AF5D43E8-4D97-468B-8C9F-D29C4631848B}.Release|iPhone.ActiveCfg = Release|iPhone
		{AF5D43E8-4D97-468B-8C9F-D29C4631848B}.Release|iPhone.Build.0 = Release|iPhone
		{AF5D43E8-4D97-468B-8C9F-D29C4631848B}.Release|iPhone.Deploy.0 = Release|iPhone
		{AF5D43E8-4D97-468B-8C9F-D29C4631848B}.Release|iPhoneSimulator.ActiveCfg = Release|iPhoneSimulator
		{AF5D43E8-4D97-468B-8C9F-D29C4631848B}.Release|iPhoneSimulator.Build.0 = Release|iPhoneSimulator
		{AF5D43E8-4D97-468B-8C9F-D29C4631848B}.Release|iPhoneSimulator.Deploy.0 = Release|iPhoneSimulator
		{68C88187-1120-46CF-A6D5-798DE9818B1C}.Debug|Any CPU.ActiveCfg = Debug|Any CPU
		{68C88187-1120-46CF-A6D5-798DE9818B1C}.Debug|Any CPU.Build.0 = Debug|Any CPU
		{68C88187-1120-46CF-A6D5-798DE9818B1C}.Debug|Any CPU.Deploy.0 = Debug|Any CPU
		{68C88187-1120-46CF-A6D5-798DE9818B1C}.Debug|iPhone.ActiveCfg = Debug|Any CPU
		{68C88187-1120-46CF-A6D5-798DE9818B1C}.Debug|iPhone.Build.0 = Debug|Any CPU
		{68C88187-1120-46CF-A6D5-798DE9818B1C}.Debug|iPhone.Deploy.0 = Debug|Any CPU
		{68C88187-1120-46CF-A6D5-798DE9818B1C}.Debug|iPhoneSimulator.ActiveCfg = Debug|Any CPU
		{68C88187-1120-46CF-A6D5-798DE9818B1C}.Debug|iPhoneSimulator.Build.0 = Debug|Any CPU
		{68C88187-1120-46CF-A6D5-798DE9818B1C}.Debug|iPhoneSimulator.Deploy.0 = Debug|Any CPU
		{68C88187-1120-46CF-A6D5-798DE9818B1C}.Release|Any CPU.ActiveCfg = Release|Any CPU
		{68C88187-1120-46CF-A6D5-798DE9818B1C}.Release|Any CPU.Build.0 = Release|Any CPU
		{68C88187-1120-46CF-A6D5-798DE9818B1C}.Release|Any CPU.Deploy.0 = Release|Any CPU
		{68C88187-1120-46CF-A6D5-798DE9818B1C}.Release|iPhone.ActiveCfg = Release|Any CPU
		{68C88187-1120-46CF-A6D5-798DE9818B1C}.Release|iPhone.Build.0 = Release|Any CPU
		{68C88187-1120-46CF-A6D5-798DE9818B1C}.Release|iPhone.Deploy.0 = Release|Any CPU
		{68C88187-1120-46CF-A6D5-798DE9818B1C}.Release|iPhoneSimulator.ActiveCfg = Release|Any CPU
		{68C88187-1120-46CF-A6D5-798DE9818B1C}.Release|iPhoneSimulator.Build.0 = Release|Any CPU
		{68C88187-1120-46CF-A6D5-798DE9818B1C}.Release|iPhoneSimulator.Deploy.0 = Release|Any CPU
	EndGlobalSection
	GlobalSection(SolutionProperties) = preSolution
		HideSolutionNode = FALSE
	EndGlobalSection
	GlobalSection(ExtensibilityGlobals) = postSolution
		SolutionGuid = {C31594AB-A986-4A7E-91B8-EA6BD9A47DCE}
	EndGlobalSection
EndGlobal
